{
  "name": "@yesiree/swig",
  "version": "0.1.0",
  "lockfileVersion": 1,
  "requires": true,
  "dependencies": {
    "@yesiree/bus": {
      "version": "0.1.2",
      "resolved": "https://registry.npmjs.org/@yesiree/bus/-/bus-0.1.2.tgz",
      "integrity": "sha512-Q/Vzi210PwUe8rKQlawQQuxjaqet5PVhDF/9xeoql8b900baW+/nAL1e1dhuuyq1m9okck3TrbeyC2S9IosEjg=="
    }
  }
}
